
Microsoft Visual Studio Solution File, Format Version 12.00
# Visual Studio Version 17
VisualStudioVersion = 17.5.33424.131
MinimumVisualStudioVersion = 10.0.40219.1
Project("{FAE04EC0-301F-11D3-BF4B-00C04F79EFBC}") = "Pets.WebApi", "Pet.WebApi\Pets.WebApi.csproj", "{B33B5D72-6CC1-4663-B82D-BADBFF2A80B8}"
EndProject
Project("{FAE04EC0-301F-11D3-BF4B-00C04F79EFBC}") = "Pets.Domain", "Pet.Domain\Pets.Domain.csproj", "{D8D9F1E8-A099-4BB8-B227-3811483EEE66}"
EndProject
Project("{FAE04EC0-301F-11D3-BF4B-00C04F79EFBC}") = "Pets.Repository", "Pet.Repository\Pets.Repository.csproj", "{33EFD7C7-4A85-49AC-9F18-9D0ED2A736CA}"
EndProject
Project("{FAE04EC0-301F-11D3-BF4B-00C04F79EFBC}") = "Pets.Common", "Pet.Common\Pets.Common.csproj", "{86813661-20F0-4764-9E13-B0BCED7A75B4}"
EndProject
Global
	GlobalSection(SolutionConfigurationPlatforms) = preSolution
		Debug|Any CPU = Debug|Any CPU
		Release|Any CPU = Release|Any CPU
	EndGlobalSection
	GlobalSection(ProjectConfigurationPlatforms) = postSolution
		{B33B5D72-6CC1-4663-B82D-BADBFF2A80B8}.Debug|Any CPU.ActiveCfg = Debug|Any CPU
		{B33B5D72-6CC1-4663-B82D-BADBFF2A80B8}.Debug|Any CPU.Build.0 = Debug|Any CPU
		{B33B5D72-6CC1-4663-B82D-BADBFF2A80B8}.Release|Any CPU.ActiveCfg = Release|Any CPU
		{B33B5D72-6CC1-4663-B82D-BADBFF2A80B8}.Release|Any CPU.Build.0 = Release|Any CPU
		{D8D9F1E8-A099-4BB8-B227-3811483EEE66}.Debug|Any CPU.ActiveCfg = Debug|Any CPU
		{D8D9F1E8-A099-4BB8-B227-3811483EEE66}.Debug|Any CPU.Build.0 = Debug|Any CPU
		{D8D9F1E8-A099-4BB8-B227-3811483EEE66}.Release|Any CPU.ActiveCfg = Release|Any CPU
		{D8D9F1E8-A099-4BB8-B227-3811483EEE66}.Release|Any CPU.Build.0 = Release|Any CPU
		{33EFD7C7-4A85-49AC-9F18-9D0ED2A736CA}.Debug|Any CPU.ActiveCfg = Debug|Any CPU
		{33EFD7C7-4A85-49AC-9F18-9D0ED2A736CA}.Debug|Any CPU.Build.0 = Debug|Any CPU
		{33EFD7C7-4A85-49AC-9F18-9D0ED2A736CA}.Release|Any CPU.ActiveCfg = Release|Any CPU
		{33EFD7C7-4A85-49AC-9F18-9D0ED2A736CA}.Release|Any CPU.Build.0 = Release|Any CPU
		{86813661-20F0-4764-9E13-B0BCED7A75B4}.Debug|Any CPU.ActiveCfg = Debug|Any CPU
		{86813661-20F0-4764-9E13-B0BCED7A75B4}.Debug|Any CPU.Build.0 = Debug|Any CPU
		{86813661-20F0-4764-9E13-B0BCED7A75B4}.Release|Any CPU.ActiveCfg = Release|Any CPU
		{86813661-20F0-4764-9E13-B0BCED7A75B4}.Release|Any CPU.Build.0 = Release|Any CPU
	EndGlobalSection
	GlobalSection(SolutionProperties) = preSolution
		HideSolutionNode = FALSE
	EndGlobalSection
	GlobalSection(ExtensibilityGlobals) = postSolution
		SolutionGuid = {B4AE7337-56F6-4372-95F0-509D489A75A8}
	EndGlobalSection
EndGlobal
